{
  "version": 4,
  "terraform_version": "1.15.5",
  "serial": 29,
  "lineage": "e61e21a3-6247-8557-c80c-b1127707a4e4",
  "outputs": {},
  "resources": [
    {
      "mode": "managed",
      "type": "aws_internet_gateway",
      "name": "demo_igw",
      "provider": "provider[\"registry.terraform.io/hashicorp/aws\"]",
      "instances": [
        {
          "schema_version": 0,
          "attributes": {
            "arn": "arn:aws:ec2:eu-west-1:626274382754:internet-gateway/igw-01be939270f6a9dd8",
            "id": "igw-01be939270f6a9dd8",
            "owner_id": "626274382754",
            "region": "eu-west-1",
            "tags": {},
            "tags_all": {},
            "timeouts": null,
            "vpc_id": "vpc-0096e4efd3931f7f9"
          },
          "sensitive_attributes": [],
          "identity_schema_version": 0,
          "identity": {
            "account_id": "626274382754",
            "id": "igw-01be939270f6a9dd8",
            "region": "eu-west-1"
          },
          "private": "eyJlMmJmYjczMC1lY2FhLTExZTYtOGY4OC0zNDM2M2JjN2M0YzAiOnsiY3JlYXRlIjoxMjAwMDAwMDAwMDAwLCJkZWxldGUiOjEyMDAwMDAwMDAwMDAsInVwZGF0ZSI6MTIwMDAwMDAwMDAwMH0sInNjaGVtYV92ZXJzaW9uIjoiMCJ9"
        }
      ]
    },
    {
      "mode": "managed",
      "type": "aws_route_table",
      "name": "demo_routes",
      "provider": "provider[\"registry.terraform.io/hashicorp/aws\"]",
      "instances": [
        {
          "schema_version": 0,
          "attributes": {
            "arn": "arn:aws:ec2:eu-west-1:626274382754:route-table/rtb-0ec941d75b42bcc13",
            "id": "rtb-0ec941d75b42bcc13",
            "owner_id": "626274382754",
            "propagating_vgws": [],
            "region": "eu-west-1",
            "route": [
              {
                "carrier_gateway_id": "",
                "cidr_block": "0.0.0.0/0",
                "core_network_arn": "",
                "destination_prefix_list_id": "",
                "egress_only_gateway_id": "",
                "gateway_id": "igw-01be939270f6a9dd8",
                "ipv6_cidr_block": "",
                "local_gateway_id": "",
                "nat_gateway_id": "",
                "network_interface_id": "",
                "odb_network_arn": "",
                "transit_gateway_id": "",
                "vpc_endpoint_id": "",
                "vpc_peering_connection_id": ""
              }
            ],
            "tags": {},
            "tags_all": {},
            "timeouts": null,
            "vpc_id": "vpc-0096e4efd3931f7f9"
          },
          "sensitive_attributes": [],
          "identity_schema_version": 0,
          "identity": {
            "account_id": "626274382754",
            "id": "rtb-0ec941d75b42bcc13",
            "region": "eu-west-1"
          },
          "private": "eyJlMmJmYjczMC1lY2FhLTExZTYtOGY4OC0zNDM2M2JjN2M0YzAiOnsiY3JlYXRlIjozMDAwMDAwMDAwMDAsImRlbGV0ZSI6MzAwMDAwMDAwMDAwLCJ1cGRhdGUiOjEyMDAwMDAwMDAwMH0sInNjaGVtYV92ZXJzaW9uIjoiMCJ9"
        }
      ]
    },
    {
      "mode": "managed",
      "type": "aws_subnet",
      "name": "db_subnet",
      "provider": "provider[\"registry.terraform.io/hashicorp/aws\"]",
      "instances": [
        {
          "schema_version": 1,
          "attributes": {
            "arn": "arn:aws:ec2:eu-west-1:626274382754:subnet/subnet-053f613d09f79caeb",
            "assign_ipv6_address_on_creation": false,
            "availability_zone": "eu-west-1a",
            "availability_zone_id": "euw1-az2",
            "cidr_block": "10.0.1.0/24",
            "customer_owned_ipv4_pool": "",
            "enable_dns64": false,
            "enable_lni_at_device_index": 0,
            "enable_resource_name_dns_a_record_on_launch": false,
            "enable_resource_name_dns_aaaa_record_on_launch": false,
            "id": "subnet-053f613d09f79caeb",
            "ipv4_ipam_pool_id": null,
            "ipv4_netmask_length": null,
            "ipv6_cidr_block": "",
            "ipv6_cidr_block_association_id": "",
            "ipv6_ipam_pool_id": null,
            "ipv6_native": false,
            "ipv6_netmask_length": null,
            "map_customer_owned_ip_on_launch": false,
            "map_public_ip_on_launch": false,
            "outpost_arn": "",
            "owner_id": "626274382754",
            "private_dns_hostname_type_on_launch": "ip-name",
            "region": "eu-west-1",
            "tags": {},
            "tags_all": {},
            "timeouts": null,
            "vpc_id": "vpc-0096e4efd3931f7f9"
          },
          "sensitive_attributes": [],
          "identity_schema_version": 0,
          "identity": {
            "account_id": "626274382754",
            "id": "subnet-053f613d09f79caeb",
            "region": "eu-west-1"
          },
          "private": "eyJlMmJmYjczMC1lY2FhLTExZTYtOGY4OC0zNDM2M2JjN2M0YzAiOnsiY3JlYXRlIjo2MDAwMDAwMDAwMDAsImRlbGV0ZSI6MTIwMDAwMDAwMDAwMH0sInNjaGVtYV92ZXJzaW9uIjoiMSJ9"
        }
      ]
    },
    {
      "mode": "managed",
      "type": "aws_vpc",
      "name": "demo_vpc",
      "provider": "provider[\"registry.terraform.io/hashicorp/aws\"]",
      "instances": [
        {
          "schema_version": 1,
          "attributes": {
            "arn": "arn:aws:ec2:eu-west-1:626274382754:vpc/vpc-0096e4efd3931f7f9",
            "assign_generated_ipv6_cidr_block": false,
            "cidr_block": "10.0.0.0/16",
            "default_network_acl_id": "acl-069e24d2279f490d7",
            "default_route_table_id": "rtb-0ce884f896895df85",
            "default_security_group_id": "sg-0917140076c186113",
            "dhcp_options_id": "dopt-0626765fafbe610f4",
            "enable_dns_hostnames": false,
            "enable_dns_support": true,
            "enable_network_address_usage_metrics": false,
            "id": "vpc-0096e4efd3931f7f9",
            "instance_tenancy": "default",
            "ipv4_ipam_pool_id": null,
            "ipv4_netmask_length": null,
            "ipv6_association_id": "",
            "ipv6_cidr_block": "",
            "ipv6_cidr_block_network_border_group": "",
            "ipv6_ipam_pool_id": "",
            "ipv6_netmask_length": 0,
            "main_route_table_id": "rtb-0ce884f896895df85",
            "owner_id": "626274382754",
            "region": "eu-west-1",
            "tags": {
              "Name": "Terraform Demo VPC"
            },
            "tags_all": {
              "Name": "Terraform Demo VPC"
            }
          },
          "sensitive_attributes": [],
          "identity_schema_version": 0,
          "identity": {
            "account_id": "626274382754",
            "id": "vpc-0096e4efd3931f7f9",
            "region": "eu-west-1"
          },
          "private": "eyJzY2hlbWFfdmVyc2lvbiI6IjEifQ=="
        }
      ]
    }
  ],
  "check_results": null
}
